
Microsoft Visual Studio Solution File, Format Version 12.00
# Visual Studio Version 16
VisualStudioVersion = 16.0.30128.74
MinimumVisualStudioVersion = 10.0.40219.1
Project("{FAE04EC0-301F-11D3-BF4B-00C04F79EFBC}") = "Aplikacja_SK", "Aplikacja_SK\Aplikacja_SK.csproj", "{F17EDBFB-7E7C-461A-8A0A-71EB20C923C4}"
EndProject
Global
	GlobalSection(SolutionConfigurationPlatforms) = preSolution
		Debug|Any CPU = Debug|Any CPU
		Release|Any CPU = Release|Any CPU
	EndGlobalSection
	GlobalSection(ProjectConfigurationPlatforms) = postSolution
		{F17EDBFB-7E7C-461A-8A0A-71EB20C923C4}.Debug|Any CPU.ActiveCfg = Debug|Any CPU
		{F17EDBFB-7E7C-461A-8A0A-71EB20C923C4}.Debug|Any CPU.Build.0 = Debug|Any CPU
		{F17EDBFB-7E7C-461A-8A0A-71EB20C923C4}.Release|Any CPU.ActiveCfg = Release|Any CPU
		{F17EDBFB-7E7C-461A-8A0A-71EB20C923C4}.Release|Any CPU.Build.0 = Release|Any CPU
	EndGlobalSection
	GlobalSection(SolutionProperties) = preSolution
		HideSolutionNode = FALSE
	EndGlobalSection
	GlobalSection(ExtensibilityGlobals) = postSolution
		SolutionGuid = {C15FEC13-71A8-42DC-8B8B-EE8CC8B7A04A}
	EndGlobalSection
EndGlobal
